
Microsoft Visual Studio Solution File, Format Version 12.00
# Visual Studio Version 16
VisualStudioVersion = 16.0.30804.86
MinimumVisualStudioVersion = 10.0.40219.1
Project("{9A19103F-16F7-4668-BE54-9A1E7A4F7556}") = "Template", "Template\Template.csproj", "{E018C9B6-9822-467A-844B-E57D54127E8C}"
EndProject
Project("{2150E333-8FDC-42A3-9474-1A3956D46DE8}") = "Domain", "Domain", "{F55A21BD-B4B9-4BEE-814F-F9FDB011BCF5}"
EndProject
Project("{2150E333-8FDC-42A3-9474-1A3956D46DE8}") = "Web", "Web", "{A1913E7F-8570-4471-9A1D-D82B172B032A}"
EndProject
Project("{2150E333-8FDC-42A3-9474-1A3956D46DE8}") = "Service", "Service", "{BA850232-BE4D-4C81-86BD-D13A8588B364}"
EndProject
Project("{2150E333-8FDC-42A3-9474-1A3956D46DE8}") = "Infrastructure", "Infrastructure", "{C7701C1C-F481-466F-888F-B6A0ADA58846}"
EndProject
Project("{FAE04EC0-301F-11D3-BF4B-00C04F79EFBC}") = "Template.Domain", "Template.Domain\Template.Domain.csproj", "{A2E4C909-91CF-4A0F-89DB-2554577410DF}"
EndProject
Project("{FAE04EC0-301F-11D3-BF4B-00C04F79EFBC}") = "Template.Infrastructure", "Template.Infrastructure\Template.Infrastructure.csproj", "{BC5ECB4C-9B58-4F07-A77D-1B31AB12849A}"
EndProject
Project("{FAE04EC0-301F-11D3-BF4B-00C04F79EFBC}") = "Template.Service", "Template.Service\Template.Service.csproj", "{1F7CBF02-12CB-4CD2-B1DF-3766F365C681}"
EndProject
Global
	GlobalSection(SolutionConfigurationPlatforms) = preSolution
		Debug|Any CPU = Debug|Any CPU
		Release|Any CPU = Release|Any CPU
	EndGlobalSection
	GlobalSection(ProjectConfigurationPlatforms) = postSolution
		{E018C9B6-9822-467A-844B-E57D54127E8C}.Debug|Any CPU.ActiveCfg = Debug|Any CPU
		{E018C9B6-9822-467A-844B-E57D54127E8C}.Debug|Any CPU.Build.0 = Debug|Any CPU
		{E018C9B6-9822-467A-844B-E57D54127E8C}.Release|Any CPU.ActiveCfg = Release|Any CPU
		{E018C9B6-9822-467A-844B-E57D54127E8C}.Release|Any CPU.Build.0 = Release|Any CPU
		{A2E4C909-91CF-4A0F-89DB-2554577410DF}.Debug|Any CPU.ActiveCfg = Debug|Any CPU
		{A2E4C909-91CF-4A0F-89DB-2554577410DF}.Debug|Any CPU.Build.0 = Debug|Any CPU
		{A2E4C909-91CF-4A0F-89DB-2554577410DF}.Release|Any CPU.ActiveCfg = Release|Any CPU
		{A2E4C909-91CF-4A0F-89DB-2554577410DF}.Release|Any CPU.Build.0 = Release|Any CPU
		{BC5ECB4C-9B58-4F07-A77D-1B31AB12849A}.Debug|Any CPU.ActiveCfg = Debug|Any CPU
		{BC5ECB4C-9B58-4F07-A77D-1B31AB12849A}.Debug|Any CPU.Build.0 = Debug|Any CPU
		{BC5ECB4C-9B58-4F07-A77D-1B31AB12849A}.Release|Any CPU.ActiveCfg = Release|Any CPU
		{BC5ECB4C-9B58-4F07-A77D-1B31AB12849A}.Release|Any CPU.Build.0 = Release|Any CPU
		{1F7CBF02-12CB-4CD2-B1DF-3766F365C681}.Debug|Any CPU.ActiveCfg = Debug|Any CPU
		{1F7CBF02-12CB-4CD2-B1DF-3766F365C681}.Debug|Any CPU.Build.0 = Debug|Any CPU
		{1F7CBF02-12CB-4CD2-B1DF-3766F365C681}.Release|Any CPU.ActiveCfg = Release|Any CPU
		{1F7CBF02-12CB-4CD2-B1DF-3766F365C681}.Release|Any CPU.Build.0 = Release|Any CPU
	EndGlobalSection
	GlobalSection(SolutionProperties) = preSolution
		HideSolutionNode = FALSE
	EndGlobalSection
	GlobalSection(NestedProjects) = preSolution
		{E018C9B6-9822-467A-844B-E57D54127E8C} = {A1913E7F-8570-4471-9A1D-D82B172B032A}
		{A2E4C909-91CF-4A0F-89DB-2554577410DF} = {F55A21BD-B4B9-4BEE-814F-F9FDB011BCF5}
		{BC5ECB4C-9B58-4F07-A77D-1B31AB12849A} = {C7701C1C-F481-466F-888F-B6A0ADA58846}
		{1F7CBF02-12CB-4CD2-B1DF-3766F365C681} = {BA850232-BE4D-4C81-86BD-D13A8588B364}
	EndGlobalSection
	GlobalSection(ExtensibilityGlobals) = postSolution
		SolutionGuid = {012629F8-3475-4082-81BE-3070F5A4DBDD}
	EndGlobalSection
EndGlobal
